
Microsoft Visual Studio Solution File, Format Version 12.00
# Visual Studio Version 16
VisualStudioVersion = 16.0.29306.81
MinimumVisualStudioVersion = 10.0.40219.1
Project("{FAE04EC0-301F-11D3-BF4B-00C04F79EFBC}") = "ListofLists", "ListofLists\ListofLists.csproj", "{5300DAB0-D89A-4974-98B0-48BABCE9E74F}"
EndProject
Global
	GlobalSection(SolutionConfigurationPlatforms) = preSolution
		Debug|Any CPU = Debug|Any CPU
		Release|Any CPU = Release|Any CPU
	EndGlobalSection
	GlobalSection(ProjectConfigurationPlatforms) = postSolution
		{5300DAB0-D89A-4974-98B0-48BABCE9E74F}.Debug|Any CPU.ActiveCfg = Debug|Any CPU
		{5300DAB0-D89A-4974-98B0-48BABCE9E74F}.Debug|Any CPU.Build.0 = Debug|Any CPU
		{5300DAB0-D89A-4974-98B0-48BABCE9E74F}.Release|Any CPU.ActiveCfg = Release|Any CPU
		{5300DAB0-D89A-4974-98B0-48BABCE9E74F}.Release|Any CPU.Build.0 = Release|Any CPU
	EndGlobalSection
	GlobalSection(SolutionProperties) = preSolution
		HideSolutionNode = FALSE
	EndGlobalSection
	GlobalSection(ExtensibilityGlobals) = postSolution
		SolutionGuid = {756B34AD-939E-427B-B28F-9AF887EB3A1D}
	EndGlobalSection
EndGlobal
